Microsoft Visual Studio Solution File, Format Version 11.00
# Visual Studio 2008

Project("{C22DC14D-90F7-E046-DA49-9594E0569503}") = "DEMO2", "Assembly-CSharp-firstpass.csproj", "{489D3C80-77BB-AC80-4C20-77E264F85E27}"
EndProject
Project("{C22DC14D-90F7-E046-DA49-9594E0569503}") = "DEMO2", "Assembly-CSharp.csproj", "{5EEFCED4-FDD5-12C9-8CAB-E396AC56C54E}"
EndProject
Project("{C22DC14D-90F7-E046-DA49-9594E0569503}") = "DEMO2", "Assembly-UnityScript-firstpass.unityproj", "{A054B070-40AD-E0A2-3F3F-420C9F40031B}"
EndProject
Project("{C22DC14D-90F7-E046-DA49-9594E0569503}") = "DEMO2", "Assembly-UnityScript.unityproj", "{31F84AF4-72D8-5E47-82BD-075CC1D7DD79}"
EndProject
Global
	GlobalSection(SolutionConfigurationPlatforms) = preSolution
		Debug|Any CPU = Debug|Any CPU
		Release|Any CPU = Release|Any CPU
	EndGlobalSection
	GlobalSection(ProjectConfigurationPlatforms) = postSolution
		{489D3C80-77BB-AC80-4C20-77E264F85E27}.Debug|Any CPU.ActiveCfg = Debug|Any CPU
		{489D3C80-77BB-AC80-4C20-77E264F85E27}.Debug|Any CPU.Build.0 = Debug|Any CPU
		{489D3C80-77BB-AC80-4C20-77E264F85E27}.Release|Any CPU.ActiveCfg = Release|Any CPU
		{489D3C80-77BB-AC80-4C20-77E264F85E27}.Release|Any CPU.Build.0 = Release|Any CPU
		{5EEFCED4-FDD5-12C9-8CAB-E396AC56C54E}.Debug|Any CPU.ActiveCfg = Debug|Any CPU
		{5EEFCED4-FDD5-12C9-8CAB-E396AC56C54E}.Debug|Any CPU.Build.0 = Debug|Any CPU
		{5EEFCED4-FDD5-12C9-8CAB-E396AC56C54E}.Release|Any CPU.ActiveCfg = Release|Any CPU
		{5EEFCED4-FDD5-12C9-8CAB-E396AC56C54E}.Release|Any CPU.Build.0 = Release|Any CPU
		{A054B070-40AD-E0A2-3F3F-420C9F40031B}.Debug|Any CPU.ActiveCfg = Debug|Any CPU
		{A054B070-40AD-E0A2-3F3F-420C9F40031B}.Debug|Any CPU.Build.0 = Debug|Any CPU
		{A054B070-40AD-E0A2-3F3F-420C9F40031B}.Release|Any CPU.ActiveCfg = Release|Any CPU
		{A054B070-40AD-E0A2-3F3F-420C9F40031B}.Release|Any CPU.Build.0 = Release|Any CPU
		{31F84AF4-72D8-5E47-82BD-075CC1D7DD79}.Debug|Any CPU.ActiveCfg = Debug|Any CPU
		{31F84AF4-72D8-5E47-82BD-075CC1D7DD79}.Debug|Any CPU.Build.0 = Debug|Any CPU
		{31F84AF4-72D8-5E47-82BD-075CC1D7DD79}.Release|Any CPU.ActiveCfg = Release|Any CPU
		{31F84AF4-72D8-5E47-82BD-075CC1D7DD79}.Release|Any CPU.Build.0 = Release|Any CPU
	EndGlobalSection
	GlobalSection(SolutionProperties) = preSolution
		HideSolutionNode = FALSE
	EndGlobalSection
		GlobalSection(MonoDevelopProperties) = preSolution
		StartupItem = Assembly-CSharp.csproj
		Policies = $0
		$0.TextStylePolicy = $1
		$1.inheritsSet = null
		$1.scope = text/x-csharp
		$0.CSharpFormattingPolicy = $2
		$2.inheritsSet = Mono
		$2.inheritsScope = text/x-csharp
		$2.scope = text/x-csharp
		$0.TextStylePolicy = $3
		$3.FileWidth = 120
		$3.TabWidth = 4
		$3.EolMarker = Unix
		$3.inheritsSet = Mono
		$3.inheritsScope = text/plain
		$3.scope = text/plain
	EndGlobalSection

EndGlobal
